
Microsoft Visual Studio Solution File, Format Version 12.00
# Visual Studio 15
VisualStudioVersion = 15.0.27703.2035
MinimumVisualStudioVersion = 10.0.40219.1
Project("{2150E333-8FDC-42A3-9474-1A3956D46DE8}") = "SUNAT", "SUNAT", "{9315BF3C-E5B9-4B7A-9E70-7DD5DD0968D9}"
EndProject
Project("{2150E333-8FDC-42A3-9474-1A3956D46DE8}") = "FERRETERIA", "FERRETERIA", "{A38639D9-B5FE-4F4B-944B-C45F31EF2A28}"
EndProject
Project("{2150E333-8FDC-42A3-9474-1A3956D46DE8}") = "Web", "Web", "{7C39B9C6-C59D-4F75-BB41-2017A25250B7}"
EndProject
Project("{2150E333-8FDC-42A3-9474-1A3956D46DE8}") = "Capas", "Capas", "{E5A7F656-F4DD-4B62-B924-7882047E3A1E}"
EndProject
Project("{2150E333-8FDC-42A3-9474-1A3956D46DE8}") = "Servicios Web", "Servicios Web", "{54725196-B1CD-423F-A5D0-5735950CB5EF}"
EndProject
Project("{2150E333-8FDC-42A3-9474-1A3956D46DE8}") = "Servicios Windows", "Servicios Windows", "{6373CFA2-2F66-4845-9CD8-A7B68EE265FC}"
EndProject
Project("{FAE04EC0-301F-11D3-BF4B-00C04F79EFBC}") = "Sunat_AD", "Sunat_AD\Sunat_AD.csproj", "{609637DF-88F5-4AB8-927F-7FC3CB00F973}"
EndProject
Project("{FAE04EC0-301F-11D3-BF4B-00C04F79EFBC}") = "Sunat_BE", "Sunat_BE\Sunat_BE.csproj", "{E3C4FABD-3153-474E-B5B7-7AA787E2B198}"
EndProject
Project("{FAE04EC0-301F-11D3-BF4B-00C04F79EFBC}") = "Sunat_BL", "Sunat_BL\Sunat_BL.csproj", "{03511C51-415F-49E7-B5D6-893F2D0D2C6E}"
EndProject
Project("{FAE04EC0-301F-11D3-BF4B-00C04F79EFBC}") = "WebFerreteria", "WebFerreteria\WebFerreteria.csproj", "{666D41C4-0FC2-40FE-8F1A-71C2AEAF4F51}"
	ProjectSection(ProjectDependencies) = postProject
		{EC3D4441-58B3-4F55-AF0D-769A09228976} = {EC3D4441-58B3-4F55-AF0D-769A09228976}
	EndProjectSection
EndProject
Project("{FAE04EC0-301F-11D3-BF4B-00C04F79EFBC}") = "WcfService1SUNAT", "WcfService1SUNAT\WcfService1SUNAT.csproj", "{EC3D4441-58B3-4F55-AF0D-769A09228976}"
EndProject
Global
	GlobalSection(SolutionConfigurationPlatforms) = preSolution
		Debug|Any CPU = Debug|Any CPU
		Release|Any CPU = Release|Any CPU
	EndGlobalSection
	GlobalSection(ProjectConfigurationPlatforms) = postSolution
		{609637DF-88F5-4AB8-927F-7FC3CB00F973}.Debug|Any CPU.ActiveCfg = Debug|Any CPU
		{609637DF-88F5-4AB8-927F-7FC3CB00F973}.Debug|Any CPU.Build.0 = Debug|Any CPU
		{609637DF-88F5-4AB8-927F-7FC3CB00F973}.Release|Any CPU.ActiveCfg = Release|Any CPU
		{609637DF-88F5-4AB8-927F-7FC3CB00F973}.Release|Any CPU.Build.0 = Release|Any CPU
		{E3C4FABD-3153-474E-B5B7-7AA787E2B198}.Debug|Any CPU.ActiveCfg = Debug|Any CPU
		{E3C4FABD-3153-474E-B5B7-7AA787E2B198}.Debug|Any CPU.Build.0 = Debug|Any CPU
		{E3C4FABD-3153-474E-B5B7-7AA787E2B198}.Release|Any CPU.ActiveCfg = Release|Any CPU
		{E3C4FABD-3153-474E-B5B7-7AA787E2B198}.Release|Any CPU.Build.0 = Release|Any CPU
		{03511C51-415F-49E7-B5D6-893F2D0D2C6E}.Debug|Any CPU.ActiveCfg = Debug|Any CPU
		{03511C51-415F-49E7-B5D6-893F2D0D2C6E}.Debug|Any CPU.Build.0 = Debug|Any CPU
		{03511C51-415F-49E7-B5D6-893F2D0D2C6E}.Release|Any CPU.ActiveCfg = Release|Any CPU
		{03511C51-415F-49E7-B5D6-893F2D0D2C6E}.Release|Any CPU.Build.0 = Release|Any CPU
		{666D41C4-0FC2-40FE-8F1A-71C2AEAF4F51}.Debug|Any CPU.ActiveCfg = Debug|Any CPU
		{666D41C4-0FC2-40FE-8F1A-71C2AEAF4F51}.Debug|Any CPU.Build.0 = Debug|Any CPU
		{666D41C4-0FC2-40FE-8F1A-71C2AEAF4F51}.Release|Any CPU.ActiveCfg = Release|Any CPU
		{666D41C4-0FC2-40FE-8F1A-71C2AEAF4F51}.Release|Any CPU.Build.0 = Release|Any CPU
		{EC3D4441-58B3-4F55-AF0D-769A09228976}.Debug|Any CPU.ActiveCfg = Debug|Any CPU
		{EC3D4441-58B3-4F55-AF0D-769A09228976}.Debug|Any CPU.Build.0 = Debug|Any CPU
		{EC3D4441-58B3-4F55-AF0D-769A09228976}.Release|Any CPU.ActiveCfg = Release|Any CPU
		{EC3D4441-58B3-4F55-AF0D-769A09228976}.Release|Any CPU.Build.0 = Release|Any CPU
	EndGlobalSection
	GlobalSection(SolutionProperties) = preSolution
		HideSolutionNode = FALSE
	EndGlobalSection
	GlobalSection(NestedProjects) = preSolution
		{7C39B9C6-C59D-4F75-BB41-2017A25250B7} = {A38639D9-B5FE-4F4B-944B-C45F31EF2A28}
		{E5A7F656-F4DD-4B62-B924-7882047E3A1E} = {9315BF3C-E5B9-4B7A-9E70-7DD5DD0968D9}
		{54725196-B1CD-423F-A5D0-5735950CB5EF} = {9315BF3C-E5B9-4B7A-9E70-7DD5DD0968D9}
		{6373CFA2-2F66-4845-9CD8-A7B68EE265FC} = {9315BF3C-E5B9-4B7A-9E70-7DD5DD0968D9}
		{609637DF-88F5-4AB8-927F-7FC3CB00F973} = {E5A7F656-F4DD-4B62-B924-7882047E3A1E}
		{E3C4FABD-3153-474E-B5B7-7AA787E2B198} = {E5A7F656-F4DD-4B62-B924-7882047E3A1E}
		{03511C51-415F-49E7-B5D6-893F2D0D2C6E} = {E5A7F656-F4DD-4B62-B924-7882047E3A1E}
		{666D41C4-0FC2-40FE-8F1A-71C2AEAF4F51} = {7C39B9C6-C59D-4F75-BB41-2017A25250B7}
		{EC3D4441-58B3-4F55-AF0D-769A09228976} = {54725196-B1CD-423F-A5D0-5735950CB5EF}
	EndGlobalSection
	GlobalSection(ExtensibilityGlobals) = postSolution
		SolutionGuid = {2FF96A5B-B940-411C-8371-DB1D132A866E}
	EndGlobalSection
EndGlobal
